
Microsoft Visual Studio Solution File, Format Version 12.00
Project("{FAE04EC0-301F-11D3-BF4B-00C04F79EFBC}") = "exercise 6.4", "exercise 6.4.csproj", "{8CDAE7FA-663C-431C-AAD7-CBD237BC59B4}"
EndProject
Global
	GlobalSection(SolutionConfigurationPlatforms) = preSolution
		Debug|Any CPU = Debug|Any CPU
		Release|Any CPU = Release|Any CPU
	EndGlobalSection
	GlobalSection(ProjectConfigurationPlatforms) = postSolution
		{8CDAE7FA-663C-431C-AAD7-CBD237BC59B4}.Debug|Any CPU.ActiveCfg = Debug|Any CPU
		{8CDAE7FA-663C-431C-AAD7-CBD237BC59B4}.Debug|Any CPU.Build.0 = Debug|Any CPU
		{8CDAE7FA-663C-431C-AAD7-CBD237BC59B4}.Release|Any CPU.ActiveCfg = Release|Any CPU
		{8CDAE7FA-663C-431C-AAD7-CBD237BC59B4}.Release|Any CPU.Build.0 = Release|Any CPU
	EndGlobalSection
EndGlobal
